{
  "object": {
    "pins": [
      {
        "package": "SendBirdSDK",
        "repositoryURL": "https://github.com/schedorg/sendbird-chat-ios-spm",
        "state": {
          "branch": null,
          "revision": "b09fb63c0783ee31599a75e2028bdb37027643e3",
          "version": "3.1.56"
        }
      }
    ]
  },
  "version": 1
}
